
Microsoft Visual Studio Solution File, Format Version 12.00
# Visual Studio Version 17
VisualStudioVersion = 17.0.31912.275
MinimumVisualStudioVersion = 10.0.40219.1
Project("{9A19103F-16F7-4668-BE54-9A1E7A4F7556}") = "RasterizationRender", "RasterizationRender\RasterizationRender.csproj", "{FBC50F2E-266B-4150-9202-94C75DD6EDA2}"
EndProject
Global
	GlobalSection(SolutionConfigurationPlatforms) = preSolution
		Debug|Any CPU = Debug|Any CPU
		Release|Any CPU = Release|Any CPU
	EndGlobalSection
	GlobalSection(ProjectConfigurationPlatforms) = postSolution
		{FBC50F2E-266B-4150-9202-94C75DD6EDA2}.Debug|Any CPU.ActiveCfg = Debug|Any CPU
		{FBC50F2E-266B-4150-9202-94C75DD6EDA2}.Debug|Any CPU.Build.0 = Debug|Any CPU
		{FBC50F2E-266B-4150-9202-94C75DD6EDA2}.Release|Any CPU.ActiveCfg = Release|Any CPU
		{FBC50F2E-266B-4150-9202-94C75DD6EDA2}.Release|Any CPU.Build.0 = Release|Any CPU
	EndGlobalSection
	GlobalSection(SolutionProperties) = preSolution
		HideSolutionNode = FALSE
	EndGlobalSection
	GlobalSection(ExtensibilityGlobals) = postSolution
		SolutionGuid = {AB2ABE08-B22A-4B06-AE8F-11163A439E12}
	EndGlobalSection
EndGlobal
